
Microsoft Visual Studio Solution File, Format Version 12.00
# Visual Studio Version 16
VisualStudioVersion = 16.0.31605.320
MinimumVisualStudioVersion = 10.0.40219.1
Project("{FAE04EC0-301F-11D3-BF4B-00C04F79EFBC}") = "CarritoDeCompras", "CarritoDeCompras.csproj", "{41B7889E-F748-44E0-A75A-BE563F8F0433}"
EndProject
Global
	GlobalSection(SolutionConfigurationPlatforms) = preSolution
		Debug|Any CPU = Debug|Any CPU
		Release|Any CPU = Release|Any CPU
	EndGlobalSection
	GlobalSection(ProjectConfigurationPlatforms) = postSolution
		{41B7889E-F748-44E0-A75A-BE563F8F0433}.Debug|Any CPU.ActiveCfg = Debug|Any CPU
		{41B7889E-F748-44E0-A75A-BE563F8F0433}.Debug|Any CPU.Build.0 = Debug|Any CPU
		{41B7889E-F748-44E0-A75A-BE563F8F0433}.Release|Any CPU.ActiveCfg = Release|Any CPU
		{41B7889E-F748-44E0-A75A-BE563F8F0433}.Release|Any CPU.Build.0 = Release|Any CPU
	EndGlobalSection
	GlobalSection(SolutionProperties) = preSolution
		HideSolutionNode = FALSE
	EndGlobalSection
	GlobalSection(ExtensibilityGlobals) = postSolution
		SolutionGuid = {D6D820CE-C555-49D2-94F7-25FF8F69FA17}
	EndGlobalSection
EndGlobal
